Microsoft Visual Studio Solution File, Format Version 12.00
# Visual Studio Version 17
VisualStudioVersion = 17.5.2.0
MinimumVisualStudioVersion = 10.0.40219.1
Project("{FAE04EC0-301F-11D3-BF4B-00C04F79EFBC}") = "az_function", "az_function.csproj", "{D0B882EB-09E6-871F-EE3B-392280D078EA}"
EndProject
Global
	GlobalSection(SolutionConfigurationPlatforms) = preSolution
		Debug|Any CPU = Debug|Any CPU
		Release|Any CPU = Release|Any CPU
	EndGlobalSection
	GlobalSection(ProjectConfigurationPlatforms) = postSolution
		{D0B882EB-09E6-871F-EE3B-392280D078EA}.Debug|Any CPU.ActiveCfg = Debug|Any CPU
		{D0B882EB-09E6-871F-EE3B-392280D078EA}.Debug|Any CPU.Build.0 = Debug|Any CPU
		{D0B882EB-09E6-871F-EE3B-392280D078EA}.Release|Any CPU.ActiveCfg = Release|Any CPU
		{D0B882EB-09E6-871F-EE3B-392280D078EA}.Release|Any CPU.Build.0 = Release|Any CPU
	EndGlobalSection
	GlobalSection(SolutionProperties) = preSolution
		HideSolutionNode = FALSE
	EndGlobalSection
	GlobalSection(ExtensibilityGlobals) = postSolution
		SolutionGuid = {B1249EA3-C432-4B91-B6AE-DCFFE4D8E540}
	EndGlobalSection
EndGlobal
